
Microsoft Visual Studio Solution File, Format Version 12.00
# Visual Studio Version 16
VisualStudioVersion = 16.0.29503.13
MinimumVisualStudioVersion = 10.0.40219.1
Project("{9A19103F-16F7-4668-BE54-9A1E7A4F7556}") = "Crud", "Crud\Crud.csproj", "{112CF177-38F9-4628-80CD-2CE769965357}"
EndProject
Project("{FAE04EC0-301F-11D3-BF4B-00C04F79EFBC}") = "Crud.DataAccess", "Crud.DataAccess\Crud.DataAccess.csproj", "{61039AF1-E516-4DDE-9265-BBBDBAA3FFD6}"
EndProject
Project("{FAE04EC0-301F-11D3-BF4B-00C04F79EFBC}") = "Crud.BuisnesLogic", "Crud.BuisnesLogic\Crud.BuisnesLogic.csproj", "{22A02F9A-373A-43B4-9668-0B89D1150A44}"
EndProject
Global
	GlobalSection(SolutionConfigurationPlatforms) = preSolution
		Debug|Any CPU = Debug|Any CPU
		Release|Any CPU = Release|Any CPU
	EndGlobalSection
	GlobalSection(ProjectConfigurationPlatforms) = postSolution
		{112CF177-38F9-4628-80CD-2CE769965357}.Debug|Any CPU.ActiveCfg = Debug|Any CPU
		{112CF177-38F9-4628-80CD-2CE769965357}.Debug|Any CPU.Build.0 = Debug|Any CPU
		{112CF177-38F9-4628-80CD-2CE769965357}.Release|Any CPU.ActiveCfg = Release|Any CPU
		{112CF177-38F9-4628-80CD-2CE769965357}.Release|Any CPU.Build.0 = Release|Any CPU
		{61039AF1-E516-4DDE-9265-BBBDBAA3FFD6}.Debug|Any CPU.ActiveCfg = Debug|Any CPU
		{61039AF1-E516-4DDE-9265-BBBDBAA3FFD6}.Debug|Any CPU.Build.0 = Debug|Any CPU
		{61039AF1-E516-4DDE-9265-BBBDBAA3FFD6}.Release|Any CPU.ActiveCfg = Release|Any CPU
		{61039AF1-E516-4DDE-9265-BBBDBAA3FFD6}.Release|Any CPU.Build.0 = Release|Any CPU
		{22A02F9A-373A-43B4-9668-0B89D1150A44}.Debug|Any CPU.ActiveCfg = Debug|Any CPU
		{22A02F9A-373A-43B4-9668-0B89D1150A44}.Debug|Any CPU.Build.0 = Debug|Any CPU
		{22A02F9A-373A-43B4-9668-0B89D1150A44}.Release|Any CPU.ActiveCfg = Release|Any CPU
		{22A02F9A-373A-43B4-9668-0B89D1150A44}.Release|Any CPU.Build.0 = Release|Any CPU
	EndGlobalSection
	GlobalSection(SolutionProperties) = preSolution
		HideSolutionNode = FALSE
	EndGlobalSection
	GlobalSection(ExtensibilityGlobals) = postSolution
		SolutionGuid = {A23BE85D-4FA7-4736-8429-55E05C8FBCC1}
	EndGlobalSection
EndGlobal
